// !$*UTF8*$!
{
	archiveVersion = 1;
	classes = {
	};
	objectVersion = 50;
	objects = {

/* Begin PBXBuildFile section */
		3457BAD326D65EAD00338317 /* DetailsVC.swift in Sources */ = {isa = PBXBuildFile; fileRef = 3457BAD226D65EAD00338317 /* DetailsVC.swift */; };
		34894A6826D6190600115E48 /* AppDelegate.swift in Sources */ = {isa = PBXBuildFile; fileRef = 34894A6726D6190600115E48 /* AppDelegate.swift */; };
		34894A6A26D6190600115E48 /* SceneDelegate.swift in Sources */ = {isa = PBXBuildFile; fileRef = 34894A6926D6190600115E48 /* SceneDelegate.swift */; };
		34894A6C26D6190600115E48 /* ViewController.swift in Sources */ = {isa = PBXBuildFile; fileRef = 34894A6B26D6190600115E48 /* ViewController.swift */; };
		34894A6F26D6190600115E48 /* Main.storyboard in Resources */ = {isa = PBXBuildFile; fileRef = 34894A6D26D6190600115E48 /* Main.storyboard */; };
		34894A7126D6190600115E48 /* Assets.xcassets in Resources */ = {isa = PBXBuildFile; fileRef = 34894A7026D6190600115E48 /* Assets.xcassets */; };
		34894A7426D6190600115E48 /* LaunchScreen.storyboard in Resources */ = {isa = PBXBuildFile; fileRef = 34894A7226D6190600115E48 /* LaunchScreen.storyboard */; };
		34894A7C26D61A9100115E48 /* MovieVC.swift in Sources */ = {isa = PBXBuildFile; fileRef = 34894A7B26D61A9100115E48 /* MovieVC.swift */; };
		34894A7E26D61AF000115E48 /* CustomCell.swift in Sources */ = {isa = PBXBuildFile; fileRef = 34894A7D26D61AF000115E48 /* CustomCell.swift */; };
		34894A8526D6330800115E48 /* MovieModel.swift in Sources */ = {isa = PBXBuildFile; fileRef = 34894A8426D6330800115E48 /* MovieModel.swift */; };
		34894A8926D64A7700115E48 /* Constant.swift in Sources */ = {isa = PBXBuildFile; fileRef = 34894A8826D64A7700115E48 /* Constant.swift */; };
		34894A8B26D64AEF00115E48 /* Networking.swift in Sources */ = {isa = PBXBuildFile; fileRef = 34894A8A26D64AEF00115E48 /* Networking.swift */; };
/* End PBXBuildFile section */

/* Begin PBXFileReference section */
		3457BAD226D65EAD00338317 /* DetailsVC.swift */ = {isa = PBXFileReference; lastKnownFileType = sourcecode.swift; path = DetailsVC.swift; sourceTree = "<group>"; };
		34894A6426D6190600115E48 /* TheMovieDB.app */ = {isa = PBXFileReference; explicitFileType = wrapper.application; includeInIndex = 0; path = TheMovieDB.app; sourceTree = BUILT_PRODUCTS_DIR; };
		34894A6726D6190600115E48 /* AppDelegate.swift */ = {isa = PBXFileReference; lastKnownFileType = sourcecode.swift; path = AppDelegate.swift; sourceTree = "<group>"; };
		34894A6926D6190600115E48 /* SceneDelegate.swift */ = {isa = PBXFileReference; lastKnownFileType = sourcecode.swift; path = SceneDelegate.swift; sourceTree = "<group>"; };
		34894A6B26D6190600115E48 /* ViewController.swift */ = {isa = PBXFileReference; lastKnownFileType = sourcecode.swift; path = ViewController.swift; sourceTree = "<group>"; };
		34894A6E26D6190600115E48 /* Base */ = {isa = PBXFileReference; lastKnownFileType = file.storyboard; name = Base; path = Base.lproj/Main.storyboard; sourceTree = "<group>"; };
		34894A7026D6190600115E48 /* Assets.xcassets */ = {isa = PBXFileReference; lastKnownFileType = folder.assetcatalog; path = Assets.xcassets; sourceTree = "<group>"; };
		34894A7326D6190600115E48 /* Base */ = {isa = PBXFileReference; lastKnownFileType = file.storyboard; name = Base; path = Base.lproj/LaunchScreen.storyboard; sourceTree = "<group>"; };
		34894A7526D6190600115E48 /* Info.plist */ = {isa = PBXFileReference; lastKnownFileType = text.plist.xml; path = Info.plist; sourceTree = "<group>"; };
		34894A7B26D61A9100115E48 /* MovieVC.swift */ = {isa = PBXFileReference; lastKnownFileType = sourcecode.swift; path = MovieVC.swift; sourceTree = "<group>"; };
		34894A7D26D61AF000115E48 /* CustomCell.swift */ = {isa = PBXFileReference; lastKnownFileType = sourcecode.swift; path = CustomCell.swift; sourceTree = "<group>"; };
		34894A8426D6330800115E48 /* MovieModel.swift */ = {isa = PBXFileReference; lastKnownFileType = sourcecode.swift; path = MovieModel.swift; sourceTree = "<group>"; };
		34894A8826D64A7700115E48 /* Constant.swift */ = {isa = PBXFileReference; lastKnownFileType = sourcecode.swift; path = Constant.swift; sourceTree = "<group>"; };
		34894A8A26D64AEF00115E48 /* Networking.swift */ = {isa = PBXFileReference; lastKnownFileType = sourcecode.swift; path = Networking.swift; sourceTree = "<group>"; };
/* End PBXFileReference section */

/* Begin PBXFrameworksBuildPhase section */
		34894A6126D6190600115E48 /* Frameworks */ = {
			isa = PBXFrameworksBuildPhase;
			buildActionMask = 2147483647;
			files = (
			);
			runOnlyForDeploymentPostprocessing = 0;
		};
/* End PBXFrameworksBuildPhase section */

/* Begin PBXGroup section */
		34894A5B26D6190600115E48 = {
			isa = PBXGroup;
			children = (
				34894A6626D6190600115E48 /* TheMovieDB */,
				34894A6526D6190600115E48 /* Products */,
			);
			sourceTree = "<group>";
		};
		34894A6526D6190600115E48 /* Products */ = {
			isa = PBXGroup;
			children = (
				34894A6426D6190600115E48 /* TheMovieDB.app */,
			);
			name = Products;
			sourceTree = "<group>";
		};
		34894A6626D6190600115E48 /* TheMovieDB */ = {
			isa = PBXGroup;
			children = (
				34894A8726D64A6400115E48 /* Common */,
				34894A7F26D6327000115E48 /* Model */,
				34894A8026D6327A00115E48 /* View */,
				34894A8126D6327F00115E48 /* Controller */,
				34894A8626D648EF00115E48 /* Networking */,
				34894A8326D632AB00115E48 /* Supporting Files */,
				34894A7026D6190600115E48 /* Assets.xcassets */,
				34894A7526D6190600115E48 /* Info.plist */,
			);
			path = TheMovieDB;
			sourceTree = "<group>";
		};
		34894A7F26D6327000115E48 /* Model */ = {
			isa = PBXGroup;
			children = (
				34894A8426D6330800115E48 /* MovieModel.swift */,
			);
			path = Model;
			sourceTree = "<group>";
		};
		34894A8026D6327A00115E48 /* View */ = {
			isa = PBXGroup;
			children = (
				34894A8C26D64F4100115E48 /* Storyboard */,
				34894A8226D6329800115E48 /* TableViewCell */,
			);
			path = View;
			sourceTree = "<group>";
		};
		34894A8126D6327F00115E48 /* Controller */ = {
			isa = PBXGroup;
			children = (
				34894A7B26D61A9100115E48 /* MovieVC.swift */,
				34894A6B26D6190600115E48 /* ViewController.swift */,
				3457BAD226D65EAD00338317 /* DetailsVC.swift */,
			);
			path = Controller;
			sourceTree = "<group>";
		};
		34894A8226D6329800115E48 /* TableViewCell */ = {
			isa = PBXGroup;
			children = (
				34894A7D26D61AF000115E48 /* CustomCell.swift */,
			);
			path = TableViewCell;
			sourceTree = "<group>";
		};
		34894A8326D632AB00115E48 /* Supporting Files */ = {
			isa = PBXGroup;
			children = (
				34894A6726D6190600115E48 /* AppDelegate.swift */,
				34894A6926D6190600115E48 /* SceneDelegate.swift */,
			);
			path = "Supporting Files";
			sourceTree = "<group>";
		};
		34894A8626D648EF00115E48 /* Networking */ = {
			isa = PBXGroup;
			children = (
				34894A8A26D64AEF00115E48 /* Networking.swift */,
			);
			path = Networking;
			sourceTree = "<group>";
		};
		34894A8726D64A6400115E48 /* Common */ = {
			isa = PBXGroup;
			children = (
				34894A8826D64A7700115E48 /* Constant.swift */,
			);
			path = Common;
			sourceTree = "<group>";
		};
		34894A8C26D64F4100115E48 /* Storyboard */ = {
			isa = PBXGroup;
			children = (
				34894A7226D6190600115E48 /* LaunchScreen.storyboard */,
				34894A6D26D6190600115E48 /* Main.storyboard */,
			);
			path = Storyboard;
			sourceTree = "<group>";
		};
/* End PBXGroup section */

/* Begin PBXNativeTarget section */
		34894A6326D6190600115E48 /* TheMovieDB */ = {
			isa = PBXNativeTarget;
			buildConfigurationList = 34894A7826D6190600115E48 /* Build configuration list for PBXNativeTarget "TheMovieDB" */;
			buildPhases = (
				34894A6026D6190600115E48 /* Sources */,
				34894A6126D6190600115E48 /* Frameworks */,
				34894A6226D6190600115E48 /* Resources */,
			);
			buildRules = (
			);
			dependencies = (
			);
			name = TheMovieDB;
			productName = TheMovieDB;
			productReference = 34894A6426D6190600115E48 /* TheMovieDB.app */;
			productType = "com.apple.product-type.application";
		};
/* End PBXNativeTarget section */

/* Begin PBXProject section */
		34894A5C26D6190600115E48 /* Project object */ = {
			isa = PBXProject;
			attributes = {
				LastSwiftUpdateCheck = 1250;
				LastUpgradeCheck = 1250;
				TargetAttributes = {
					34894A6326D6190600115E48 = {
						CreatedOnToolsVersion = 12.5.1;
					};
				};
			};
			buildConfigurationList = 34894A5F26D6190600115E48 /* Build configuration list for PBXProject "TheMovieDB" */;
			compatibilityVersion = "Xcode 9.3";
			developmentRegion = en;
			hasScannedForEncodings = 0;
			knownRegions = (
				en,
				Base,
			);
			mainGroup = 34894A5B26D6190600115E48;
			productRefGroup = 34894A6526D6190600115E48 /* Products */;
			projectDirPath = "";
			projectRoot = "";
			targets = (
				34894A6326D6190600115E48 /* TheMovieDB */,
			);
		};
/* End PBXProject section */

/* Begin PBXResourcesBuildPhase section */
		34894A6226D6190600115E48 /* Resources */ = {
			isa = PBXResourcesBuildPhase;
			buildActionMask = 2147483647;
			files = (
				34894A7426D6190600115E48 /* LaunchScreen.storyboard in Resources */,
				34894A7126D6190600115E48 /* Assets.xcassets in Resources */,
				34894A6F26D6190600115E48 /* Main.storyboard in Resources */,
			);
			runOnlyForDeploymentPostprocessing = 0;
		};
/* End PBXResourcesBuildPhase section */

/* Begin PBXSourcesBuildPhase section */
		34894A6026D6190600115E48 /* Sources */ = {
			isa = PBXSourcesBuildPhase;
			buildActionMask = 2147483647;
			files = (
				34894A8926D64A7700115E48 /* Constant.swift in Sources */,
				34894A8526D6330800115E48 /* MovieModel.swift in Sources */,
				34894A6C26D6190600115E48 /* ViewController.swift in Sources */,
				34894A8B26D64AEF00115E48 /* Networking.swift in Sources */,
				34894A7C26D61A9100115E48 /* MovieVC.swift in Sources */,
				34894A7E26D61AF000115E48 /* CustomCell.swift in Sources */,
				34894A6826D6190600115E48 /* AppDelegate.swift in Sources */,
				34894A6A26D6190600115E48 /* SceneDelegate.swift in Sources */,
				3457BAD326D65EAD00338317 /* DetailsVC.swift in Sources */,
			);
			runOnlyForDeploymentPostprocessing = 0;
		};
/* End PBXSourcesBuildPhase section */

/* Begin PBXVariantGroup section */
		34894A6D26D6190600115E48 /* Main.storyboard */ = {
			isa = PBXVariantGroup;
			children = (
				34894A6E26D6190600115E48 /* Base */,
			);
			name = Main.storyboard;
			sourceTree = "<group>";
		};
		34894A7226D6190600115E48 /* LaunchScreen.storyboard */ = {
			isa = PBXVariantGroup;
			children = (
				34894A7326D6190600115E48 /* Base */,
			);
			name = LaunchScreen.storyboard;
			sourceTree = "<group>";
		};
/* End PBXVariantGroup section */

/* Begin XCBuildConfiguration section */
		34894A7626D6190600115E48 /* Debug */ = {
			isa = XCBuildConfiguration;
			buildSettings = {
				ALWAYS_SEARCH_USER_PATHS = NO;
				CLANG_ANALYZER_NONNULL = YES;
				CLANG_ANALYZER_NUMBER_OBJECT_CONVERSION = YES_AGGRESSIVE;
				CLANG_CXX_LANGUAGE_STANDARD = "gnu++14";
				CLANG_CXX_LIBRARY = "libc++";
				CLANG_ENABLE_MODULES = YES;
				CLANG_ENABLE_OBJC_ARC = YES;
				CLANG_ENABLE_OBJC_WEAK = YES;
				CLANG_WARN_BLOCK_CAPTURE_AUTORELEASING = YES;
				CLANG_WARN_BOOL_CONVERSION = YES;
				CLANG_WARN_COMMA = YES;
				CLANG_WARN_CONSTANT_CONVERSION = YES;
				CLANG_WARN_DEPRECATED_OBJC_IMPLEMENTATIONS = YES;
				CLANG_WARN_DIRECT_OBJC_ISA_USAGE = YES_ERROR;
				CLANG_WARN_DOCUMENTATION_COMMENTS = YES;
				CLANG_WARN_EMPTY_BODY = YES;
				CLANG_WARN_ENUM_CONVERSION = YES;
				CLANG_WARN_INFINITE_RECURSION = YES;
				CLANG_WARN_INT_CONVERSION = YES;
				CLANG_WARN_NON_LITERAL_NULL_CONVERSION = YES;
				CLANG_WARN_OBJC_IMPLICIT_RETAIN_SELF = YES;
				CLANG_WARN_OBJC_LITERAL_CONVERSION = YES;
				CLANG_WARN_OBJC_ROOT_CLASS = YES_ERROR;
				CLANG_WARN_QUOTED_INCLUDE_IN_FRAMEWORK_HEADER = YES;
				CLANG_WARN_RANGE_LOOP_ANALYSIS = YES;
				CLANG_WARN_STRICT_PROTOTYPES = YES;
				CLANG_WARN_SUSPICIOUS_MOVE = YES;
				CLANG_WARN_UNGUARDED_AVAILABILITY = YES_AGGRESSIVE;
				CLANG_WARN_UNREACHABLE_CODE = YES;
				CLANG_WARN__DUPLICATE_METHOD_MATCH = YES;
				COPY_PHASE_STRIP = NO;
				DEBUG_INFORMATION_FORMAT = dwarf;
				ENABLE_STRICT_OBJC_MSGSEND = YES;
				ENABLE_TESTABILITY = YES;
				GCC_C_LANGUAGE_STANDARD = gnu11;
				GCC_DYNAMIC_NO_PIC = NO;
				GCC_NO_COMMON_BLOCKS = YES;
				GCC_OPTIMIZATION_LEVEL = 0;
				GCC_PREPROCESSOR_DEFINITIONS = (
					"DEBUG=1",
					"$(inherited)",
				);
				GCC_WARN_64_TO_32_BIT_CONVERSION = YES;
				GCC_WARN_ABOUT_RETURN_TYPE = YES_ERROR;
				GCC_WARN_UNDECLARED_SELECTOR = YES;
				GCC_WARN_UNINITIALIZED_AUTOS = YES_AGGRESSIVE;
				GCC_WARN_UNUSED_FUNCTION = YES;
				GCC_WARN_UNUSED_VARIABLE = YES;
				IPHONEOS_DEPLOYMENT_TARGET = 14.5;
				MTL_ENABLE_DEBUG_INFO = INCLUDE_SOURCE;
				MTL_FAST_MATH = YES;
				ONLY_ACTIVE_ARCH = YES;
				SDKROOT = iphoneos;
				SWIFT_ACTIVE_COMPILATION_CONDITIONS = DEBUG;
				SWIFT_OPTIMIZATION_LEVEL = "-Onone";
			};
			name = Debug;
		};
		34894A7726D6190600115E48 /* Release */ = {
			isa = XCBuildConfiguration;
			buildSettings = {
				ALWAYS_SEARCH_USER_PATHS = NO;
				CLANG_ANALYZER_NONNULL = YES;
				CLANG_ANALYZER_NUMBER_OBJECT_CONVERSION = YES_AGGRESSIVE;
				CLANG_CXX_LANGUAGE_STANDARD = "gnu++14";
				CLANG_CXX_LIBRARY = "libc++";
				CLANG_ENABLE_MODULES = YES;
				CLANG_ENABLE_OBJC_ARC = YES;
				CLANG_ENABLE_OBJC_WEAK = YES;
				CLANG_WARN_BLOCK_CAPTURE_AUTORELEASING = YES;
				CLANG_WARN_BOOL_CONVERSION = YES;
				CLANG_WARN_COMMA = YES;
				CLANG_WARN_CONSTANT_CONVERSION = YES;
				CLANG_WARN_DEPRECATED_OBJC_IMPLEMENTATIONS = YES;
				CLANG_WARN_DIRECT_OBJC_ISA_USAGE = YES_ERROR;
				CLANG_WARN_DOCUMENTATION_COMMENTS = YES;
				CLANG_WARN_EMPTY_BODY = YES;
				CLANG_WARN_ENUM_CONVERSION = YES;
				CLANG_WARN_INFINITE_RECURSION = YES;
				CLANG_WARN_INT_CONVERSION = YES;
				CLANG_WARN_NON_LITERAL_NULL_CONVERSION = YES;
				CLANG_WARN_OBJC_IMPLICIT_RETAIN_SELF = YES;
				CLANG_WARN_OBJC_LITERAL_CONVERSION = YES;
				CLANG_WARN_OBJC_ROOT_CLASS = YES_ERROR;
				CLANG_WARN_QUOTED_INCLUDE_IN_FRAMEWORK_HEADER = YES;
				CLANG_WARN_RANGE_LOOP_ANALYSIS = YES;
				CLANG_WARN_STRICT_PROTOTYPES = YES;
				CLANG_WARN_SUSPICIOUS_MOVE = YES;
				CLANG_WARN_UNGUARDED_AVAILABILITY = YES_AGGRESSIVE;
				CLANG_WARN_UNREACHABLE_CODE = YES;
				CLANG_WARN__DUPLICATE_METHOD_MATCH = YES;
				COPY_PHASE_STRIP = NO;
				DEBUG_INFORMATION_FORMAT = "dwarf-with-dsym";
				ENABLE_NS_ASSERTIONS = NO;
				ENABLE_STRICT_OBJC_MSGSEND = YES;
				GCC_C_LANGUAGE_STANDARD = gnu11;
				GCC_NO_COMMON_BLOCKS = YES;
				GCC_WARN_64_TO_32_BIT_CONVERSION = YES;
				GCC_WARN_ABOUT_RETURN_TYPE = YES_ERROR;
				GCC_WARN_UNDECLARED_SELECTOR = YES;
				GCC_WARN_UNINITIALIZED_AUTOS = YES_AGGRESSIVE;
				GCC_WARN_UNUSED_FUNCTION = YES;
				GCC_WARN_UNUSED_VARIABLE = YES;
				IPHONEOS_DEPLOYMENT_TARGET = 14.5;
				MTL_ENABLE_DEBUG_INFO = NO;
				MTL_FAST_MATH = YES;
				SDKROOT = iphoneos;
				SWIFT_COMPILATION_MODE = wholemodule;
				SWIFT_OPTIMIZATION_LEVEL = "-O";
				VALIDATE_PRODUCT = YES;
			};
			name = Release;
		};
		34894A7926D6190600115E48 /* Debug */ = {
			isa = XCBuildConfiguration;
			buildSettings = {
				ASSETCATALOG_COMPILER_APPICON_NAME = AppIcon;
				ASSETCATALOG_COMPILER_GLOBAL_ACCENT_COLOR_NAME = AccentColor;
				CODE_SIGN_STYLE = Manual;
				DEVELOPMENT_TEAM = "";
				INFOPLIST_FILE = TheMovieDB/Info.plist;
				LD_RUNPATH_SEARCH_PATHS = (
					"$(inherited)",
					"@executable_path/Frameworks",
				);
				PRODUCT_BUNDLE_IDENTIFIER = com.vipul.TheMovieDb.TheMovieDB;
				PRODUCT_NAME = "$(TARGET_NAME)";
				PROVISIONING_PROFILE_SPECIFIER = "";
				SWIFT_VERSION = 5.0;
				TARGETED_DEVICE_FAMILY = "1,2";
			};
			name = Debug;
		};
		34894A7A26D6190600115E48 /* Release */ = {
			isa = XCBuildConfiguration;
			buildSettings = {
				ASSETCATALOG_COMPILER_APPICON_NAME = AppIcon;
				ASSETCATALOG_COMPILER_GLOBAL_ACCENT_COLOR_NAME = AccentColor;
				CODE_SIGN_STYLE = Manual;
				DEVELOPMENT_TEAM = "";
				INFOPLIST_FILE = TheMovieDB/Info.plist;
				LD_RUNPATH_SEARCH_PATHS = (
					"$(inherited)",
					"@executable_path/Frameworks",
				);
				PRODUCT_BUNDLE_IDENTIFIER = com.vipul.TheMovieDb.TheMovieDB;
				PRODUCT_NAME = "$(TARGET_NAME)";
				PROVISIONING_PROFILE_SPECIFIER = "";
				SWIFT_VERSION = 5.0;
				TARGETED_DEVICE_FAMILY = "1,2";
			};
			name = Release;
		};
/* End XCBuildConfiguration section */

/* Begin XCConfigurationList section */
		34894A5F26D6190600115E48 /* Build configuration list for PBXProject "TheMovieDB" */ = {
			isa = XCConfigurationList;
			buildConfigurations = (
				34894A7626D6190600115E48 /* Debug */,
				34894A7726D6190600115E48 /* Release */,
			);
			defaultConfigurationIsVisible = 0;
			defaultConfigurationName = Release;
		};
		34894A7826D6190600115E48 /* Build configuration list for PBXNativeTarget "TheMovieDB" */ = {
			isa = XCConfigurationList;
			buildConfigurations = (
				34894A7926D6190600115E48 /* Debug */,
				34894A7A26D6190600115E48 /* Release */,
			);
			defaultConfigurationIsVisible = 0;
			defaultConfigurationName = Release;
		};
/* End XCConfigurationList section */
	};
	rootObject = 34894A5C26D6190600115E48 /* Project object */;
}
